
Microsoft Visual Studio Solution File, Format Version 12.00
# Visual Studio Version 17
VisualStudioVersion = 17.9.34723.18
MinimumVisualStudioVersion = 10.0.40219.1
Project("{9A19103F-16F7-4668-BE54-9A1E7A4F7556}") = "UBB-SE-2024-Team-42", "UBB-SE-2024-Team-42.csproj", "{C50476C1-9610-4D37-824A-B26F03700AA9}"
EndProject
Project("{FAE04EC0-301F-11D3-BF4B-00C04F79EFBC}") = "Testing", "Testing\Testing.csproj", "{74374405-777F-4864-AB58-FC3A463ED94B}"
	ProjectSection(ProjectDependencies) = postProject
		{C50476C1-9610-4D37-824A-B26F03700AA9} = {C50476C1-9610-4D37-824A-B26F03700AA9}
	EndProjectSection
EndProject
Global
	GlobalSection(SolutionConfigurationPlatforms) = preSolution
		Debug|Any CPU = Debug|Any CPU
		Release|Any CPU = Release|Any CPU
	EndGlobalSection
	GlobalSection(ProjectConfigurationPlatforms) = postSolution
		{C50476C1-9610-4D37-824A-B26F03700AA9}.Debug|Any CPU.ActiveCfg = Debug|Any CPU
		{C50476C1-9610-4D37-824A-B26F03700AA9}.Debug|Any CPU.Build.0 = Debug|Any CPU
		{C50476C1-9610-4D37-824A-B26F03700AA9}.Release|Any CPU.ActiveCfg = Release|Any CPU
		{C50476C1-9610-4D37-824A-B26F03700AA9}.Release|Any CPU.Build.0 = Release|Any CPU
		{74374405-777F-4864-AB58-FC3A463ED94B}.Debug|Any CPU.ActiveCfg = Debug|Any CPU
		{74374405-777F-4864-AB58-FC3A463ED94B}.Debug|Any CPU.Build.0 = Debug|Any CPU
		{74374405-777F-4864-AB58-FC3A463ED94B}.Release|Any CPU.ActiveCfg = Release|Any CPU
		{74374405-777F-4864-AB58-FC3A463ED94B}.Release|Any CPU.Build.0 = Release|Any CPU
	EndGlobalSection
	GlobalSection(SolutionProperties) = preSolution
		HideSolutionNode = FALSE
	EndGlobalSection
	GlobalSection(ExtensibilityGlobals) = postSolution
		SolutionGuid = {A7622E66-D522-453F-947A-0B05FD71450C}
	EndGlobalSection
EndGlobal
